
Microsoft Visual Studio Solution File, Format Version 12.00
# Visual Studio Version 16
VisualStudioVersion = 16.0.32901.82
MinimumVisualStudioVersion = 10.0.40219.1
Project("{FAE04EC0-301F-11D3-BF4B-00C04F79EFBC}") = "SPP-Faker", "SPP-Faker\SPP-Faker.csproj", "{10BE3E63-D27A-4AED-9B32-4B4564A9A27E}"
EndProject
Project("{FAE04EC0-301F-11D3-BF4B-00C04F79EFBC}") = "Examples", "Examples\Examples.csproj", "{086E8B79-D37E-4E90-B926-319A84253848}"
EndProject
Project("{FAE04EC0-301F-11D3-BF4B-00C04F79EFBC}") = "Generators", "Generators\Generators.csproj", "{A2B7DDAE-8713-44A6-A2E4-83EDA9D02314}"
EndProject
Global
	GlobalSection(SolutionConfigurationPlatforms) = preSolution
		Debug|Any CPU = Debug|Any CPU
		Release|Any CPU = Release|Any CPU
	EndGlobalSection
	GlobalSection(ProjectConfigurationPlatforms) = postSolution
		{10BE3E63-D27A-4AED-9B32-4B4564A9A27E}.Debug|Any CPU.ActiveCfg = Debug|Any CPU
		{10BE3E63-D27A-4AED-9B32-4B4564A9A27E}.Debug|Any CPU.Build.0 = Debug|Any CPU
		{10BE3E63-D27A-4AED-9B32-4B4564A9A27E}.Release|Any CPU.ActiveCfg = Release|Any CPU
		{10BE3E63-D27A-4AED-9B32-4B4564A9A27E}.Release|Any CPU.Build.0 = Release|Any CPU
		{086E8B79-D37E-4E90-B926-319A84253848}.Debug|Any CPU.ActiveCfg = Debug|Any CPU
		{086E8B79-D37E-4E90-B926-319A84253848}.Debug|Any CPU.Build.0 = Debug|Any CPU
		{086E8B79-D37E-4E90-B926-319A84253848}.Release|Any CPU.ActiveCfg = Release|Any CPU
		{086E8B79-D37E-4E90-B926-319A84253848}.Release|Any CPU.Build.0 = Release|Any CPU
		{A2B7DDAE-8713-44A6-A2E4-83EDA9D02314}.Debug|Any CPU.ActiveCfg = Debug|Any CPU
		{A2B7DDAE-8713-44A6-A2E4-83EDA9D02314}.Debug|Any CPU.Build.0 = Debug|Any CPU
		{A2B7DDAE-8713-44A6-A2E4-83EDA9D02314}.Release|Any CPU.ActiveCfg = Release|Any CPU
		{A2B7DDAE-8713-44A6-A2E4-83EDA9D02314}.Release|Any CPU.Build.0 = Release|Any CPU
	EndGlobalSection
	GlobalSection(SolutionProperties) = preSolution
		HideSolutionNode = FALSE
	EndGlobalSection
	GlobalSection(ExtensibilityGlobals) = postSolution
		SolutionGuid = {EF5C3DDA-C86B-407A-9115-91E9CFC21EE1}
	EndGlobalSection
EndGlobal
